{
    "name": "ts-dots",
    "version": "2.0.0",
    "lockfileVersion": 3,
    "requires": true,
    "packages": {
        "": {
            "name": "ts-dots",
            "version": "2.0.0",
            "license": "MIT",
            "dependencies": {
                "path-value": "^0.9.4"
            },
            "devDependencies": {
                "typescript": "^4.7.4"
            }
        },
        "node_modules/path-value": {
            "version": "0.9.4",
            "resolved": "https://registry.npmjs.org/path-value/-/path-value-0.9.4.tgz",
            "integrity": "sha512-7p49AvUZw71hyMWZstvKZ2cOM05hG+PrqxvZVpvHTLYXSkUYTmOtrJp/Uq8G+Ue8uewmpzIGw08dRHWOMhgq9Q==",
            "engines": {
                "node": ">=10.3.0"
            }
        },
        "node_modules/typescript": {
            "version": "4.7.4",
            "resolved": "https://registry.npmjs.org/typescript/-/typescript-4.7.4.tgz",
            "integrity": "sha512-C0WQT0gezHuw6AdY1M2jxUO83Rjf0HP7Sk1DtXj6j1EwkQNZrHAg2XPWlq62oqEhYvONq5pkC2Y9oPljWToLmQ==",
            "dev": true,
            "bin": {
                "tsc": "bin/tsc",
                "tsserver": "bin/tsserver"
            },
            "engines": {
                "node": ">=4.2.0"
            }
        }
    }
}
